<?xml version="1.0" encoding="utf-8"?>
<Project ToolsVersion="4.0" xmlns="http://schemas.microsoft.com/developer/msbuild/2003">
  <ItemGroup>
    <Filter Include="Private">
      <UniqueIdentifier>{001F8D23-6CFE-0BBF-7516-9795E1747220}</UniqueIdentifier>
    </Filter>
    <Filter Include="Private\Puzzle10">
      <UniqueIdentifier>{FAFFFA44-E6F8-1997-0F2B-FF1BFB82F9A2}</UniqueIdentifier>
    </Filter>
    <Filter Include="Private\Puzzle13">
      <UniqueIdentifier>{FDFFFA44-E9F8-1997-122B-FF1BFE82F9A2}</UniqueIdentifier>
    </Filter>
    <Filter Include="Public">
      <UniqueIdentifier>{8480F8CA-7022-23A1-59DD-36F5451EAAF1}</UniqueIdentifier>
    </Filter>
    <Filter Include="Public\Puzzle10">
      <UniqueIdentifier>{FE55368B-6AE1-A34F-73F2-2644DFFCFF4F}</UniqueIdentifier>
    </Filter>
  </ItemGroup>
  <ItemGroup>
    <ClInclude Include="Source\Private\Puzzle13\Item.h">
      <Filter>Private\Puzzle13</Filter>
    </ClInclude>
    <ClInclude Include="Source\Private\Puzzle13\ListItem.h">
      <Filter>Private\Puzzle13</Filter>
    </ClInclude>
    <ClInclude Include="Source\Private\Puzzle13\ValueItem.h">
      <Filter>Private\Puzzle13</Filter>
    </ClInclude>
    <ClInclude Include="Source\Public\AOC-2022-Application.h">
      <Filter>Public</Filter>
    </ClInclude>
    <ClInclude Include="Source\Public\Puzzle10\CPU.h">
      <Filter>Public\Puzzle10</Filter>
    </ClInclude>
    <ClInclude Include="Source\Public\Puzzle10\Instructions.h">
      <Filter>Public\Puzzle10</Filter>
    </ClInclude>
    <ClInclude Include="Source\Public\Puzzle10\Program.h">
      <Filter>Public\Puzzle10</Filter>
    </ClInclude>
    <ClInclude Include="Source\Public\Puzzles.h">
      <Filter>Public</Filter>
    </ClInclude>
    <ClInclude Include="Source\pch.h" />
  </ItemGroup>
  <ItemGroup>
    <ClCompile Include="Source\Private\AOC-2022-Application.cpp">
      <Filter>Private</Filter>
    </ClCompile>
    <ClCompile Include="Source\Private\Puzzle01.cpp">
      <Filter>Private</Filter>
    </ClCompile>
    <ClCompile Include="Source\Private\Puzzle02.cpp">
      <Filter>Private</Filter>
    </ClCompile>
    <ClCompile Include="Source\Private\Puzzle03.cpp">
      <Filter>Private</Filter>
    </ClCompile>
    <ClCompile Include="Source\Private\Puzzle04.cpp">
      <Filter>Private</Filter>
    </ClCompile>
    <ClCompile Include="Source\Private\Puzzle05.cpp">
      <Filter>Private</Filter>
    </ClCompile>
    <ClCompile Include="Source\Private\Puzzle06.cpp">
      <Filter>Private</Filter>
    </ClCompile>
    <ClCompile Include="Source\Private\Puzzle07.cpp">
      <Filter>Private</Filter>
    </ClCompile>
    <ClCompile Include="Source\Private\Puzzle08.cpp">
      <Filter>Private</Filter>
    </ClCompile>
    <ClCompile Include="Source\Private\Puzzle09.cpp">
      <Filter>Private</Filter>
    </ClCompile>
    <ClCompile Include="Source\Private\Puzzle10.cpp">
      <Filter>Private</Filter>
    </ClCompile>
    <ClCompile Include="Source\Private\Puzzle10\CPU.cpp">
      <Filter>Private\Puzzle10</Filter>
    </ClCompile>
    <ClCompile Include="Source\Private\Puzzle10\Instructions.cpp">
      <Filter>Private\Puzzle10</Filter>
    </ClCompile>
    <ClCompile Include="Source\Private\Puzzle10\Program.cpp">
      <Filter>Private\Puzzle10</Filter>
    </ClCompile>
    <ClCompile Include="Source\Private\Puzzle11.cpp">
      <Filter>Private</Filter>
    </ClCompile>
    <ClCompile Include="Source\Private\Puzzle12.cpp">
      <Filter>Private</Filter>
    </ClCompile>
    <ClCompile Include="Source\Private\Puzzle13.cpp">
      <Filter>Private</Filter>
    </ClCompile>
    <ClCompile Include="Source\Private\Puzzle13\ListItem.cpp">
      <Filter>Private\Puzzle13</Filter>
    </ClCompile>
    <ClCompile Include="Source\Private\Puzzle13\ValueItem.cpp">
      <Filter>Private\Puzzle13</Filter>
    </ClCompile>
    <ClCompile Include="Source\Private\Puzzle14.cpp">
      <Filter>Private</Filter>
    </ClCompile>
    <ClCompile Include="Source\Private\Puzzle15.cpp">
      <Filter>Private</Filter>
    </ClCompile>
    <ClCompile Include="Source\Private\Puzzle16.cpp">
      <Filter>Private</Filter>
    </ClCompile>
    <ClCompile Include="Source\Private\Puzzle17.cpp">
      <Filter>Private</Filter>
    </ClCompile>
    <ClCompile Include="Source\Private\Puzzle18.cpp">
      <Filter>Private</Filter>
    </ClCompile>
    <ClCompile Include="Source\Private\Puzzle19.cpp">
      <Filter>Private</Filter>
    </ClCompile>
    <ClCompile Include="Source\Private\Puzzle20.cpp">
      <Filter>Private</Filter>
    </ClCompile>
    <ClCompile Include="Source\Private\Puzzle21.cpp">
      <Filter>Private</Filter>
    </ClCompile>
    <ClCompile Include="Source\Private\Puzzle22.cpp">
      <Filter>Private</Filter>
    </ClCompile>
    <ClCompile Include="Source\Private\Puzzle23.cpp">
      <Filter>Private</Filter>
    </ClCompile>
    <ClCompile Include="Source\Private\Puzzle24.cpp">
      <Filter>Private</Filter>
    </ClCompile>
    <ClCompile Include="Source\Private\Puzzle25.cpp">
      <Filter>Private</Filter>
    </ClCompile>
    <ClCompile Include="Source\pch.cpp" />
  </ItemGroup>
</Project>